
Microsoft Visual Studio Solution File, Format Version 12.00
Project("{FAE04EC0-301F-11D3-BF4B-00C04F79EFBC}") = "API", "API\API.csproj", "{89F05F4E-ADFE-4944-854C-B8F39C4A1B93}"
EndProject
Project("{FAE04EC0-301F-11D3-BF4B-00C04F79EFBC}") = "Domain", "Domain\Domain.csproj", "{12A1C30F-5C5E-4DD0-A02F-49F82E632E01}"
EndProject
Project("{FAE04EC0-301F-11D3-BF4B-00C04F79EFBC}") = "Application", "Application\Application.csproj", "{C4E51B4E-9475-4A66-8CEF-B3B7343B4E0B}"
EndProject
Project("{FAE04EC0-301F-11D3-BF4B-00C04F79EFBC}") = "Persistence", "Persistence\Persistence.csproj", "{2C3A5254-A6AE-4267-855D-0C16BF67ACAC}"
EndProject
Project("{FAE04EC0-301F-11D3-BF4B-00C04F79EFBC}") = "Infrastructure", "Infrastructure\Infrastructure.csproj", "{3D1D19B1-3E63-45DA-BC2C-FAA15DD2388B}"
EndProject
Global
	GlobalSection(SolutionConfigurationPlatforms) = preSolution
		Debug|Any CPU = Debug|Any CPU
		Release|Any CPU = Release|Any CPU
	EndGlobalSection
	GlobalSection(ProjectConfigurationPlatforms) = postSolution
		{89F05F4E-ADFE-4944-854C-B8F39C4A1B93}.Debug|Any CPU.ActiveCfg = Debug|Any CPU
		{89F05F4E-ADFE-4944-854C-B8F39C4A1B93}.Debug|Any CPU.Build.0 = Debug|Any CPU
		{89F05F4E-ADFE-4944-854C-B8F39C4A1B93}.Release|Any CPU.ActiveCfg = Release|Any CPU
		{89F05F4E-ADFE-4944-854C-B8F39C4A1B93}.Release|Any CPU.Build.0 = Release|Any CPU
		{12A1C30F-5C5E-4DD0-A02F-49F82E632E01}.Debug|Any CPU.ActiveCfg = Debug|Any CPU
		{12A1C30F-5C5E-4DD0-A02F-49F82E632E01}.Debug|Any CPU.Build.0 = Debug|Any CPU
		{12A1C30F-5C5E-4DD0-A02F-49F82E632E01}.Release|Any CPU.ActiveCfg = Release|Any CPU
		{12A1C30F-5C5E-4DD0-A02F-49F82E632E01}.Release|Any CPU.Build.0 = Release|Any CPU
		{C4E51B4E-9475-4A66-8CEF-B3B7343B4E0B}.Debug|Any CPU.ActiveCfg = Debug|Any CPU
		{C4E51B4E-9475-4A66-8CEF-B3B7343B4E0B}.Debug|Any CPU.Build.0 = Debug|Any CPU
		{C4E51B4E-9475-4A66-8CEF-B3B7343B4E0B}.Release|Any CPU.ActiveCfg = Release|Any CPU
		{C4E51B4E-9475-4A66-8CEF-B3B7343B4E0B}.Release|Any CPU.Build.0 = Release|Any CPU
		{2C3A5254-A6AE-4267-855D-0C16BF67ACAC}.Debug|Any CPU.ActiveCfg = Debug|Any CPU
		{2C3A5254-A6AE-4267-855D-0C16BF67ACAC}.Debug|Any CPU.Build.0 = Debug|Any CPU
		{2C3A5254-A6AE-4267-855D-0C16BF67ACAC}.Release|Any CPU.ActiveCfg = Release|Any CPU
		{2C3A5254-A6AE-4267-855D-0C16BF67ACAC}.Release|Any CPU.Build.0 = Release|Any CPU
		{3D1D19B1-3E63-45DA-BC2C-FAA15DD2388B}.Debug|Any CPU.ActiveCfg = Debug|Any CPU
		{3D1D19B1-3E63-45DA-BC2C-FAA15DD2388B}.Debug|Any CPU.Build.0 = Debug|Any CPU
		{3D1D19B1-3E63-45DA-BC2C-FAA15DD2388B}.Release|Any CPU.ActiveCfg = Release|Any CPU
		{3D1D19B1-3E63-45DA-BC2C-FAA15DD2388B}.Release|Any CPU.Build.0 = Release|Any CPU
	EndGlobalSection
EndGlobal
